
Microsoft Visual Studio Solution File, Format Version 12.00
# Visual Studio Version 17
VisualStudioVersion = 17.11.35222.181
MinimumVisualStudioVersion = 10.0.40219.1
Project("{FAE04EC0-301F-11D3-BF4B-00C04F79EFBC}") = "Endpoint.API", "Endpoint.API\Endpoint.API.csproj", "{1B256317-7A62-40E9-8C50-7EBDA06131B9}"
EndProject
Project("{FAE04EC0-301F-11D3-BF4B-00C04F79EFBC}") = "Endpoint.API.Test", "Endpoint.API.Test\Endpoint.API.Test.csproj", "{549EBC4A-2B7A-477D-AA42-C8F9326C3566}"
EndProject
Global
	GlobalSection(SolutionConfigurationPlatforms) = preSolution
		Debug|Any CPU = Debug|Any CPU
		Release|Any CPU = Release|Any CPU
	EndGlobalSection
	GlobalSection(ProjectConfigurationPlatforms) = postSolution
		{1B256317-7A62-40E9-8C50-7EBDA06131B9}.Debug|Any CPU.ActiveCfg = Debug|Any CPU
		{1B256317-7A62-40E9-8C50-7EBDA06131B9}.Debug|Any CPU.Build.0 = Debug|Any CPU
		{1B256317-7A62-40E9-8C50-7EBDA06131B9}.Release|Any CPU.ActiveCfg = Release|Any CPU
		{1B256317-7A62-40E9-8C50-7EBDA06131B9}.Release|Any CPU.Build.0 = Release|Any CPU
		{549EBC4A-2B7A-477D-AA42-C8F9326C3566}.Debug|Any CPU.ActiveCfg = Debug|Any CPU
		{549EBC4A-2B7A-477D-AA42-C8F9326C3566}.Debug|Any CPU.Build.0 = Debug|Any CPU
		{549EBC4A-2B7A-477D-AA42-C8F9326C3566}.Release|Any CPU.ActiveCfg = Release|Any CPU
		{549EBC4A-2B7A-477D-AA42-C8F9326C3566}.Release|Any CPU.Build.0 = Release|Any CPU
	EndGlobalSection
	GlobalSection(SolutionProperties) = preSolution
		HideSolutionNode = FALSE
	EndGlobalSection
	GlobalSection(ExtensibilityGlobals) = postSolution
		SolutionGuid = {188269E9-EEF4-4C7F-8AD6-87E81F738C23}
	EndGlobalSection
EndGlobal
